// !$*UTF8*$!
{
	archiveVersion = 1;
	classes = {
	};
	objectVersion = 55;
	objects = {

/* Begin PBXBuildFile section */
		5516B2C227E658FA003E196B /* InsetFactView.swift in Sources */ = {isa = PBXBuildFile; fileRef = 5516B2C127E658FA003E196B /* InsetFactView.swift */; };
		5538EF0C27E74956007EC508 /* InsetMapView.swift in Sources */ = {isa = PBXBuildFile; fileRef = 5538EF0B27E74956007EC508 /* InsetMapView.swift */; };
		5538EF0E27E751CF007EC508 /* ExternalWeblinkView.swift in Sources */ = {isa = PBXBuildFile; fileRef = 5538EF0D27E751CF007EC508 /* ExternalWeblinkView.swift */; };
		5538EF1027E757DF007EC508 /* VideoModel.swift in Sources */ = {isa = PBXBuildFile; fileRef = 5538EF0F27E757DF007EC508 /* VideoModel.swift */; };
		5538EF1227E758A3007EC508 /* VideoListItemView.swift in Sources */ = {isa = PBXBuildFile; fileRef = 5538EF1127E758A3007EC508 /* VideoListItemView.swift */; };
		554CC3DE27E4A4790036BA70 /* AnimalListItemView.swift in Sources */ = {isa = PBXBuildFile; fileRef = 554CC3DD27E4A4790036BA70 /* AnimalListItemView.swift */; };
		554CC3E027E4A8A60036BA70 /* AnimalModel.swift in Sources */ = {isa = PBXBuildFile; fileRef = 554CC3DF27E4A8A60036BA70 /* AnimalModel.swift */; };
		554CC3E227E4D1EF0036BA70 /* AnimalDetailView.swift in Sources */ = {isa = PBXBuildFile; fileRef = 554CC3E127E4D1EF0036BA70 /* AnimalDetailView.swift */; };
		554CC3E427E4DE920036BA70 /* HeadingView.swift in Sources */ = {isa = PBXBuildFile; fileRef = 554CC3E327E4DE920036BA70 /* HeadingView.swift */; };
		554CC3E627E4E0A60036BA70 /* InsetGalleryView.swift in Sources */ = {isa = PBXBuildFile; fileRef = 554CC3E527E4E0A60036BA70 /* InsetGalleryView.swift */; };
		55C12FEA27E286BF009444A4 /* AfricaApp.swift in Sources */ = {isa = PBXBuildFile; fileRef = 55C12FE927E286BF009444A4 /* AfricaApp.swift */; };
		55C12FEC27E286BF009444A4 /* ContentView.swift in Sources */ = {isa = PBXBuildFile; fileRef = 55C12FEB27E286BF009444A4 /* ContentView.swift */; };
		55C12FEE27E286C0009444A4 /* Assets.xcassets in Resources */ = {isa = PBXBuildFile; fileRef = 55C12FED27E286C0009444A4 /* Assets.xcassets */; };
		55C12FF127E286C0009444A4 /* Preview Assets.xcassets in Resources */ = {isa = PBXBuildFile; fileRef = 55C12FF027E286C0009444A4 /* Preview Assets.xcassets */; };
		55C1300227E28D16009444A4 /* elephant.mp4 in Resources */ = {isa = PBXBuildFile; fileRef = 55C12FF827E28D14009444A4 /* elephant.mp4 */; };
		55C1300327E28D16009444A4 /* gorilla.mp4 in Resources */ = {isa = PBXBuildFile; fileRef = 55C12FF927E28D15009444A4 /* gorilla.mp4 */; };
		55C1300427E28D16009444A4 /* ostrich.mp4 in Resources */ = {isa = PBXBuildFile; fileRef = 55C12FFA27E28D15009444A4 /* ostrich.mp4 */; };
		55C1300527E28D16009444A4 /* rhino.mp4 in Resources */ = {isa = PBXBuildFile; fileRef = 55C12FFB27E28D15009444A4 /* rhino.mp4 */; };
		55C1300627E28D16009444A4 /* cheetah.mp4 in Resources */ = {isa = PBXBuildFile; fileRef = 55C12FFC27E28D15009444A4 /* cheetah.mp4 */; };
		55C1300727E28D16009444A4 /* zebra.mp4 in Resources */ = {isa = PBXBuildFile; fileRef = 55C12FFD27E28D15009444A4 /* zebra.mp4 */; };
		55C1300827E28D16009444A4 /* lion.mp4 in Resources */ = {isa = PBXBuildFile; fileRef = 55C12FFE27E28D16009444A4 /* lion.mp4 */; };
		55C1300927E28D16009444A4 /* giraffe.mp4 in Resources */ = {isa = PBXBuildFile; fileRef = 55C12FFF27E28D16009444A4 /* giraffe.mp4 */; };
		55C1300A27E28D16009444A4 /* lioness.mp4 in Resources */ = {isa = PBXBuildFile; fileRef = 55C1300027E28D16009444A4 /* lioness.mp4 */; };
		55C1300B27E28D16009444A4 /* hippo.mp4 in Resources */ = {isa = PBXBuildFile; fileRef = 55C1300127E28D16009444A4 /* hippo.mp4 */; };
		55C1301127E28DA7009444A4 /* locations.json in Resources */ = {isa = PBXBuildFile; fileRef = 55C1300D27E28DA7009444A4 /* locations.json */; };
		55C1301227E28DA7009444A4 /* covers.json in Resources */ = {isa = PBXBuildFile; fileRef = 55C1300E27E28DA7009444A4 /* covers.json */; };
		55C1301327E28DA7009444A4 /* animals.json in Resources */ = {isa = PBXBuildFile; fileRef = 55C1300F27E28DA7009444A4 /* animals.json */; };
		55C1301427E28DA7009444A4 /* videos.json in Resources */ = {isa = PBXBuildFile; fileRef = 55C1301027E28DA7009444A4 /* videos.json */; };
		55C1301827E2909F009444A4 /* VideoListView.swift in Sources */ = {isa = PBXBuildFile; fileRef = 55C1301727E2909F009444A4 /* VideoListView.swift */; };
		55C1301A27E290D4009444A4 /* MapView.swift in Sources */ = {isa = PBXBuildFile; fileRef = 55C1301927E290D4009444A4 /* MapView.swift */; };
		55C1301C27E29101009444A4 /* GalleryView.swift in Sources */ = {isa = PBXBuildFile; fileRef = 55C1301B27E29101009444A4 /* GalleryView.swift */; };
		55C1301E27E29126009444A4 /* MainView.swift in Sources */ = {isa = PBXBuildFile; fileRef = 55C1301D27E29126009444A4 /* MainView.swift */; };
		55C1302127E3C891009444A4 /* CoverImageView.swift in Sources */ = {isa = PBXBuildFile; fileRef = 55C1302027E3C891009444A4 /* CoverImageView.swift */; };
		55C1302427E3CD03009444A4 /* CoverImageModel.swift in Sources */ = {isa = PBXBuildFile; fileRef = 55C1302327E3CD03009444A4 /* CoverImageModel.swift */; };
		55C1302727E3CFC7009444A4 /* CodableBundleExtension.swift in Sources */ = {isa = PBXBuildFile; fileRef = 55C1302627E3CFC7009444A4 /* CodableBundleExtension.swift */; };
/* End PBXBuildFile section */

/* Begin PBXFileReference section */
		5516B2C127E658FA003E196B /* InsetFactView.swift */ = {isa = PBXFileReference; lastKnownFileType = sourcecode.swift; path = InsetFactView.swift; sourceTree = "<group>"; };
		5538EF0B27E74956007EC508 /* InsetMapView.swift */ = {isa = PBXFileReference; lastKnownFileType = sourcecode.swift; path = InsetMapView.swift; sourceTree = "<group>"; };
		5538EF0D27E751CF007EC508 /* ExternalWeblinkView.swift */ = {isa = PBXFileReference; lastKnownFileType = sourcecode.swift; path = ExternalWeblinkView.swift; sourceTree = "<group>"; };
		5538EF0F27E757DF007EC508 /* VideoModel.swift */ = {isa = PBXFileReference; lastKnownFileType = sourcecode.swift; path = VideoModel.swift; sourceTree = "<group>"; };
		5538EF1127E758A3007EC508 /* VideoListItemView.swift */ = {isa = PBXFileReference; lastKnownFileType = sourcecode.swift; path = VideoListItemView.swift; sourceTree = "<group>"; };
		554CC3DD27E4A4790036BA70 /* AnimalListItemView.swift */ = {isa = PBXFileReference; lastKnownFileType = sourcecode.swift; path = AnimalListItemView.swift; sourceTree = "<group>"; };
		554CC3DF27E4A8A60036BA70 /* AnimalModel.swift */ = {isa = PBXFileReference; lastKnownFileType = sourcecode.swift; path = AnimalModel.swift; sourceTree = "<group>"; };
		554CC3E127E4D1EF0036BA70 /* AnimalDetailView.swift */ = {isa = PBXFileReference; lastKnownFileType = sourcecode.swift; path = AnimalDetailView.swift; sourceTree = "<group>"; };
		554CC3E327E4DE920036BA70 /* HeadingView.swift */ = {isa = PBXFileReference; lastKnownFileType = sourcecode.swift; path = HeadingView.swift; sourceTree = "<group>"; };
		554CC3E527E4E0A60036BA70 /* InsetGalleryView.swift */ = {isa = PBXFileReference; lastKnownFileType = sourcecode.swift; path = InsetGalleryView.swift; sourceTree = "<group>"; };
		55C12FE627E286BF009444A4 /* Africa.app */ = {isa = PBXFileReference; explicitFileType = wrapper.application; includeInIndex = 0; path = Africa.app; sourceTree = BUILT_PRODUCTS_DIR; };
		55C12FE927E286BF009444A4 /* AfricaApp.swift */ = {isa = PBXFileReference; lastKnownFileType = sourcecode.swift; path = AfricaApp.swift; sourceTree = "<group>"; };
		55C12FEB27E286BF009444A4 /* ContentView.swift */ = {isa = PBXFileReference; lastKnownFileType = sourcecode.swift; path = ContentView.swift; sourceTree = "<group>"; };
		55C12FED27E286C0009444A4 /* Assets.xcassets */ = {isa = PBXFileReference; lastKnownFileType = folder.assetcatalog; path = Assets.xcassets; sourceTree = "<group>"; };
		55C12FF027E286C0009444A4 /* Preview Assets.xcassets */ = {isa = PBXFileReference; lastKnownFileType = folder.assetcatalog; path = "Preview Assets.xcassets"; sourceTree = "<group>"; };
		55C12FF827E28D14009444A4 /* elephant.mp4 */ = {isa = PBXFileReference; lastKnownFileType = file; path = elephant.mp4; sourceTree = "<group>"; };
		55C12FF927E28D15009444A4 /* gorilla.mp4 */ = {isa = PBXFileReference; lastKnownFileType = file; path = gorilla.mp4; sourceTree = "<group>"; };
		55C12FFA27E28D15009444A4 /* ostrich.mp4 */ = {isa = PBXFileReference; lastKnownFileType = file; path = ostrich.mp4; sourceTree = "<group>"; };
		55C12FFB27E28D15009444A4 /* rhino.mp4 */ = {isa = PBXFileReference; lastKnownFileType = file; path = rhino.mp4; sourceTree = "<group>"; };
		55C12FFC27E28D15009444A4 /* cheetah.mp4 */ = {isa = PBXFileReference; lastKnownFileType = file; path = cheetah.mp4; sourceTree = "<group>"; };
		55C12FFD27E28D15009444A4 /* zebra.mp4 */ = {isa = PBXFileReference; lastKnownFileType = file; path = zebra.mp4; sourceTree = "<group>"; };
		55C12FFE27E28D16009444A4 /* lion.mp4 */ = {isa = PBXFileReference; lastKnownFileType = file; path = lion.mp4; sourceTree = "<group>"; };
		55C12FFF27E28D16009444A4 /* giraffe.mp4 */ = {isa = PBXFileReference; lastKnownFileType = file; path = giraffe.mp4; sourceTree = "<group>"; };
		55C1300027E28D16009444A4 /* lioness.mp4 */ = {isa = PBXFileReference; lastKnownFileType = file; path = lioness.mp4; sourceTree = "<group>"; };
		55C1300127E28D16009444A4 /* hippo.mp4 */ = {isa = PBXFileReference; lastKnownFileType = file; path = hippo.mp4; sourceTree = "<group>"; };
		55C1300D27E28DA7009444A4 /* locations.json */ = {isa = PBXFileReference; fileEncoding = 4; lastKnownFileType = text.json; path = locations.json; sourceTree = "<group>"; };
		55C1300E27E28DA7009444A4 /* covers.json */ = {isa = PBXFileReference; fileEncoding = 4; lastKnownFileType = text.json; path = covers.json; sourceTree = "<group>"; };
		55C1300F27E28DA7009444A4 /* animals.json */ = {isa = PBXFileReference; fileEncoding = 4; lastKnownFileType = text.json; path = animals.json; sourceTree = "<group>"; };
		55C1301027E28DA7009444A4 /* videos.json */ = {isa = PBXFileReference; fileEncoding = 4; lastKnownFileType = text.json; path = videos.json; sourceTree = "<group>"; };
		55C1301527E28F23009444A4 /* Info.plist */ = {isa = PBXFileReference; lastKnownFileType = text.plist; path = Info.plist; sourceTree = "<group>"; };
		55C1301727E2909F009444A4 /* VideoListView.swift */ = {isa = PBXFileReference; lastKnownFileType = sourcecode.swift; path = VideoListView.swift; sourceTree = "<group>"; };
		55C1301927E290D4009444A4 /* MapView.swift */ = {isa = PBXFileReference; lastKnownFileType = sourcecode.swift; path = MapView.swift; sourceTree = "<group>"; };
		55C1301B27E29101009444A4 /* GalleryView.swift */ = {isa = PBXFileReference; lastKnownFileType = sourcecode.swift; path = GalleryView.swift; sourceTree = "<group>"; };
		55C1301D27E29126009444A4 /* MainView.swift */ = {isa = PBXFileReference; lastKnownFileType = sourcecode.swift; path = MainView.swift; sourceTree = "<group>"; };
		55C1302027E3C891009444A4 /* CoverImageView.swift */ = {isa = PBXFileReference; lastKnownFileType = sourcecode.swift; path = CoverImageView.swift; sourceTree = "<group>"; };
		55C1302327E3CD03009444A4 /* CoverImageModel.swift */ = {isa = PBXFileReference; lastKnownFileType = sourcecode.swift; path = CoverImageModel.swift; sourceTree = "<group>"; };
		55C1302627E3CFC7009444A4 /* CodableBundleExtension.swift */ = {isa = PBXFileReference; lastKnownFileType = sourcecode.swift; path = CodableBundleExtension.swift; sourceTree = "<group>"; };
/* End PBXFileReference section */

/* Begin PBXFrameworksBuildPhase section */
		55C12FE327E286BF009444A4 /* Frameworks */ = {
			isa = PBXFrameworksBuildPhase;
			buildActionMask = 2147483647;
			files = (
			);
			runOnlyForDeploymentPostprocessing = 0;
		};
/* End PBXFrameworksBuildPhase section */

/* Begin PBXGroup section */
		55C12FDD27E286BF009444A4 = {
			isa = PBXGroup;
			children = (
				55C12FE827E286BF009444A4 /* Africa */,
				55C12FE727E286BF009444A4 /* Products */,
			);
			sourceTree = "<group>";
		};
		55C12FE727E286BF009444A4 /* Products */ = {
			isa = PBXGroup;
			children = (
				55C12FE627E286BF009444A4 /* Africa.app */,
			);
			name = Products;
			sourceTree = "<group>";
		};
		55C12FE827E286BF009444A4 /* Africa */ = {
			isa = PBXGroup;
			children = (
				55C1302527E3CEC0009444A4 /* Extension */,
				55C1302227E3CC52009444A4 /* Model */,
				55C1301F27E3C86F009444A4 /* View */,
				55C1301527E28F23009444A4 /* Info.plist */,
				55C1300C27E28D70009444A4 /* Data */,
				55C12FF727E28CB7009444A4 /* Video */,
				55C1301627E29042009444A4 /* App */,
				55C12FED27E286C0009444A4 /* Assets.xcassets */,
				55C12FEF27E286C0009444A4 /* Preview Content */,
			);
			path = Africa;
			sourceTree = "<group>";
		};
		55C12FEF27E286C0009444A4 /* Preview Content */ = {
			isa = PBXGroup;
			children = (
				55C12FF027E286C0009444A4 /* Preview Assets.xcassets */,
			);
			path = "Preview Content";
			sourceTree = "<group>";
		};
		55C12FF727E28CB7009444A4 /* Video */ = {
			isa = PBXGroup;
			children = (
				55C12FFC27E28D15009444A4 /* cheetah.mp4 */,
				55C12FF827E28D14009444A4 /* elephant.mp4 */,
				55C12FFF27E28D16009444A4 /* giraffe.mp4 */,
				55C12FF927E28D15009444A4 /* gorilla.mp4 */,
				55C1300127E28D16009444A4 /* hippo.mp4 */,
				55C12FFE27E28D16009444A4 /* lion.mp4 */,
				55C1300027E28D16009444A4 /* lioness.mp4 */,
				55C12FFA27E28D15009444A4 /* ostrich.mp4 */,
				55C12FFB27E28D15009444A4 /* rhino.mp4 */,
				55C12FFD27E28D15009444A4 /* zebra.mp4 */,
			);
			path = Video;
			sourceTree = "<group>";
		};
		55C1300C27E28D70009444A4 /* Data */ = {
			isa = PBXGroup;
			children = (
				55C1300F27E28DA7009444A4 /* animals.json */,
				55C1300E27E28DA7009444A4 /* covers.json */,
				55C1300D27E28DA7009444A4 /* locations.json */,
				55C1301027E28DA7009444A4 /* videos.json */,
			);
			path = Data;
			sourceTree = "<group>";
		};
		55C1301627E29042009444A4 /* App */ = {
			isa = PBXGroup;
			children = (
				55C12FE927E286BF009444A4 /* AfricaApp.swift */,
				55C12FEB27E286BF009444A4 /* ContentView.swift */,
				55C1301727E2909F009444A4 /* VideoListView.swift */,
				55C1301927E290D4009444A4 /* MapView.swift */,
				55C1301B27E29101009444A4 /* GalleryView.swift */,
				55C1301D27E29126009444A4 /* MainView.swift */,
			);
			path = App;
			sourceTree = "<group>";
		};
		55C1301F27E3C86F009444A4 /* View */ = {
			isa = PBXGroup;
			children = (
				55C1302027E3C891009444A4 /* CoverImageView.swift */,
				554CC3DD27E4A4790036BA70 /* AnimalListItemView.swift */,
				554CC3E127E4D1EF0036BA70 /* AnimalDetailView.swift */,
				554CC3E327E4DE920036BA70 /* HeadingView.swift */,
				554CC3E527E4E0A60036BA70 /* InsetGalleryView.swift */,
				5516B2C127E658FA003E196B /* InsetFactView.swift */,
				5538EF0B27E74956007EC508 /* InsetMapView.swift */,
				5538EF0D27E751CF007EC508 /* ExternalWeblinkView.swift */,
				5538EF1127E758A3007EC508 /* VideoListItemView.swift */,
			);
			path = View;
			sourceTree = "<group>";
		};
		55C1302227E3CC52009444A4 /* Model */ = {
			isa = PBXGroup;
			children = (
				55C1302327E3CD03009444A4 /* CoverImageModel.swift */,
				554CC3DF27E4A8A60036BA70 /* AnimalModel.swift */,
				5538EF0F27E757DF007EC508 /* VideoModel.swift */,
			);
			path = Model;
			sourceTree = "<group>";
		};
		55C1302527E3CEC0009444A4 /* Extension */ = {
			isa = PBXGroup;
			children = (
				55C1302627E3CFC7009444A4 /* CodableBundleExtension.swift */,
			);
			path = Extension;
			sourceTree = "<group>";
		};
/* End PBXGroup section */

/* Begin PBXNativeTarget section */
		55C12FE527E286BF009444A4 /* Africa */ = {
			isa = PBXNativeTarget;
			buildConfigurationList = 55C12FF427E286C0009444A4 /* Build configuration list for PBXNativeTarget "Africa" */;
			buildPhases = (
				55C12FE227E286BF009444A4 /* Sources */,
				55C12FE327E286BF009444A4 /* Frameworks */,
				55C12FE427E286BF009444A4 /* Resources */,
			);
			buildRules = (
			);
			dependencies = (
			);
			name = Africa;
			productName = Africa;
			productReference = 55C12FE627E286BF009444A4 /* Africa.app */;
			productType = "com.apple.product-type.application";
		};
/* End PBXNativeTarget section */

/* Begin PBXProject section */
		55C12FDE27E286BF009444A4 /* Project object */ = {
			isa = PBXProject;
			attributes = {
				BuildIndependentTargetsInParallel = 1;
				LastSwiftUpdateCheck = 1330;
				LastUpgradeCheck = 1330;
				TargetAttributes = {
					55C12FE527E286BF009444A4 = {
						CreatedOnToolsVersion = 13.3;
					};
				};
			};
			buildConfigurationList = 55C12FE127E286BF009444A4 /* Build configuration list for PBXProject "Africa" */;
			compatibilityVersion = "Xcode 13.0";
			developmentRegion = en;
			hasScannedForEncodings = 0;
			knownRegions = (
				en,
				Base,
			);
			mainGroup = 55C12FDD27E286BF009444A4;
			productRefGroup = 55C12FE727E286BF009444A4 /* Products */;
			projectDirPath = "";
			projectRoot = "";
			targets = (
				55C12FE527E286BF009444A4 /* Africa */,
			);
		};
/* End PBXProject section */

/* Begin PBXResourcesBuildPhase section */
		55C12FE427E286BF009444A4 /* Resources */ = {
			isa = PBXResourcesBuildPhase;
			buildActionMask = 2147483647;
			files = (
				55C1301327E28DA7009444A4 /* animals.json in Resources */,
				55C1301127E28DA7009444A4 /* locations.json in Resources */,
				55C1300527E28D16009444A4 /* rhino.mp4 in Resources */,
				55C1300A27E28D16009444A4 /* lioness.mp4 in Resources */,
				55C1300327E28D16009444A4 /* gorilla.mp4 in Resources */,
				55C12FF127E286C0009444A4 /* Preview Assets.xcassets in Resources */,
				55C1300B27E28D16009444A4 /* hippo.mp4 in Resources */,
				55C12FEE27E286C0009444A4 /* Assets.xcassets in Resources */,
				55C1301227E28DA7009444A4 /* covers.json in Resources */,
				55C1300927E28D16009444A4 /* giraffe.mp4 in Resources */,
				55C1300727E28D16009444A4 /* zebra.mp4 in Resources */,
				55C1300427E28D16009444A4 /* ostrich.mp4 in Resources */,
				55C1300227E28D16009444A4 /* elephant.mp4 in Resources */,
				55C1301427E28DA7009444A4 /* videos.json in Resources */,
				55C1300827E28D16009444A4 /* lion.mp4 in Resources */,
				55C1300627E28D16009444A4 /* cheetah.mp4 in Resources */,
			);
			runOnlyForDeploymentPostprocessing = 0;
		};
/* End PBXResourcesBuildPhase section */

/* Begin PBXSourcesBuildPhase section */
		55C12FE227E286BF009444A4 /* Sources */ = {
			isa = PBXSourcesBuildPhase;
			buildActionMask = 2147483647;
			files = (
				5538EF0E27E751CF007EC508 /* ExternalWeblinkView.swift in Sources */,
				55C12FEC27E286BF009444A4 /* ContentView.swift in Sources */,
				554CC3DE27E4A4790036BA70 /* AnimalListItemView.swift in Sources */,
				55C1301E27E29126009444A4 /* MainView.swift in Sources */,
				5516B2C227E658FA003E196B /* InsetFactView.swift in Sources */,
				55C1302127E3C891009444A4 /* CoverImageView.swift in Sources */,
				55C1302427E3CD03009444A4 /* CoverImageModel.swift in Sources */,
				554CC3E227E4D1EF0036BA70 /* AnimalDetailView.swift in Sources */,
				554CC3E027E4A8A60036BA70 /* AnimalModel.swift in Sources */,
				55C1301A27E290D4009444A4 /* MapView.swift in Sources */,
				5538EF0C27E74956007EC508 /* InsetMapView.swift in Sources */,
				55C12FEA27E286BF009444A4 /* AfricaApp.swift in Sources */,
				55C1301827E2909F009444A4 /* VideoListView.swift in Sources */,
				5538EF1027E757DF007EC508 /* VideoModel.swift in Sources */,
				55C1301C27E29101009444A4 /* GalleryView.swift in Sources */,
				554CC3E627E4E0A60036BA70 /* InsetGalleryView.swift in Sources */,
				5538EF1227E758A3007EC508 /* VideoListItemView.swift in Sources */,
				55C1302727E3CFC7009444A4 /* CodableBundleExtension.swift in Sources */,
				554CC3E427E4DE920036BA70 /* HeadingView.swift in Sources */,
			);
			runOnlyForDeploymentPostprocessing = 0;
		};
/* End PBXSourcesBuildPhase section */

/* Begin XCBuildConfiguration section */
		55C12FF227E286C0009444A4 /* Debug */ = {
			isa = XCBuildConfiguration;
			buildSettings = {
				ALWAYS_SEARCH_USER_PATHS = NO;
				CLANG_ANALYZER_NONNULL = YES;
				CLANG_ANALYZER_NUMBER_OBJECT_CONVERSION = YES_AGGRESSIVE;
				CLANG_CXX_LANGUAGE_STANDARD = "gnu++17";
				CLANG_ENABLE_MODULES = YES;
				CLANG_ENABLE_OBJC_ARC = YES;
				CLANG_ENABLE_OBJC_WEAK = YES;
				CLANG_WARN_BLOCK_CAPTURE_AUTORELEASING = YES;
				CLANG_WARN_BOOL_CONVERSION = YES;
				CLANG_WARN_COMMA = YES;
				CLANG_WARN_CONSTANT_CONVERSION = YES;
				CLANG_WARN_DEPRECATED_OBJC_IMPLEMENTATIONS = YES;
				CLANG_WARN_DIRECT_OBJC_ISA_USAGE = YES_ERROR;
				CLANG_WARN_DOCUMENTATION_COMMENTS = YES;
				CLANG_WARN_EMPTY_BODY = YES;
				CLANG_WARN_ENUM_CONVERSION = YES;
				CLANG_WARN_INFINITE_RECURSION = YES;
				CLANG_WARN_INT_CONVERSION = YES;
				CLANG_WARN_NON_LITERAL_NULL_CONVERSION = YES;
				CLANG_WARN_OBJC_IMPLICIT_RETAIN_SELF = YES;
				CLANG_WARN_OBJC_LITERAL_CONVERSION = YES;
				CLANG_WARN_OBJC_ROOT_CLASS = YES_ERROR;
				CLANG_WARN_QUOTED_INCLUDE_IN_FRAMEWORK_HEADER = YES;
				CLANG_WARN_RANGE_LOOP_ANALYSIS = YES;
				CLANG_WARN_STRICT_PROTOTYPES = YES;
				CLANG_WARN_SUSPICIOUS_MOVE = YES;
				CLANG_WARN_UNGUARDED_AVAILABILITY = YES_AGGRESSIVE;
				CLANG_WARN_UNREACHABLE_CODE = YES;
				CLANG_WARN__DUPLICATE_METHOD_MATCH = YES;
				COPY_PHASE_STRIP = NO;
				DEBUG_INFORMATION_FORMAT = dwarf;
				ENABLE_STRICT_OBJC_MSGSEND = YES;
				ENABLE_TESTABILITY = YES;
				GCC_C_LANGUAGE_STANDARD = gnu11;
				GCC_DYNAMIC_NO_PIC = NO;
				GCC_NO_COMMON_BLOCKS = YES;
				GCC_OPTIMIZATION_LEVEL = 0;
				GCC_PREPROCESSOR_DEFINITIONS = (
					"DEBUG=1",
					"$(inherited)",
				);
				GCC_WARN_64_TO_32_BIT_CONVERSION = YES;
				GCC_WARN_ABOUT_RETURN_TYPE = YES_ERROR;
				GCC_WARN_UNDECLARED_SELECTOR = YES;
				GCC_WARN_UNINITIALIZED_AUTOS = YES_AGGRESSIVE;
				GCC_WARN_UNUSED_FUNCTION = YES;
				GCC_WARN_UNUSED_VARIABLE = YES;
				IPHONEOS_DEPLOYMENT_TARGET = 15.3;
				MTL_ENABLE_DEBUG_INFO = INCLUDE_SOURCE;
				MTL_FAST_MATH = YES;
				ONLY_ACTIVE_ARCH = YES;
				SDKROOT = iphoneos;
				SWIFT_ACTIVE_COMPILATION_CONDITIONS = DEBUG;
				SWIFT_OPTIMIZATION_LEVEL = "-Onone";
			};
			name = Debug;
		};
		55C12FF327E286C0009444A4 /* Release */ = {
			isa = XCBuildConfiguration;
			buildSettings = {
				ALWAYS_SEARCH_USER_PATHS = NO;
				CLANG_ANALYZER_NONNULL = YES;
				CLANG_ANALYZER_NUMBER_OBJECT_CONVERSION = YES_AGGRESSIVE;
				CLANG_CXX_LANGUAGE_STANDARD = "gnu++17";
				CLANG_ENABLE_MODULES = YES;
				CLANG_ENABLE_OBJC_ARC = YES;
				CLANG_ENABLE_OBJC_WEAK = YES;
				CLANG_WARN_BLOCK_CAPTURE_AUTORELEASING = YES;
				CLANG_WARN_BOOL_CONVERSION = YES;
				CLANG_WARN_COMMA = YES;
				CLANG_WARN_CONSTANT_CONVERSION = YES;
				CLANG_WARN_DEPRECATED_OBJC_IMPLEMENTATIONS = YES;
				CLANG_WARN_DIRECT_OBJC_ISA_USAGE = YES_ERROR;
				CLANG_WARN_DOCUMENTATION_COMMENTS = YES;
				CLANG_WARN_EMPTY_BODY = YES;
				CLANG_WARN_ENUM_CONVERSION = YES;
				CLANG_WARN_INFINITE_RECURSION = YES;
				CLANG_WARN_INT_CONVERSION = YES;
				CLANG_WARN_NON_LITERAL_NULL_CONVERSION = YES;
				CLANG_WARN_OBJC_IMPLICIT_RETAIN_SELF = YES;
				CLANG_WARN_OBJC_LITERAL_CONVERSION = YES;
				CLANG_WARN_OBJC_ROOT_CLASS = YES_ERROR;
				CLANG_WARN_QUOTED_INCLUDE_IN_FRAMEWORK_HEADER = YES;
				CLANG_WARN_RANGE_LOOP_ANALYSIS = YES;
				CLANG_WARN_STRICT_PROTOTYPES = YES;
				CLANG_WARN_SUSPICIOUS_MOVE = YES;
				CLANG_WARN_UNGUARDED_AVAILABILITY = YES_AGGRESSIVE;
				CLANG_WARN_UNREACHABLE_CODE = YES;
				CLANG_WARN__DUPLICATE_METHOD_MATCH = YES;
				COPY_PHASE_STRIP = NO;
				DEBUG_INFORMATION_FORMAT = "dwarf-with-dsym";
				ENABLE_NS_ASSERTIONS = NO;
				ENABLE_STRICT_OBJC_MSGSEND = YES;
				GCC_C_LANGUAGE_STANDARD = gnu11;
				GCC_NO_COMMON_BLOCKS = YES;
				GCC_WARN_64_TO_32_BIT_CONVERSION = YES;
				GCC_WARN_ABOUT_RETURN_TYPE = YES_ERROR;
				GCC_WARN_UNDECLARED_SELECTOR = YES;
				GCC_WARN_UNINITIALIZED_AUTOS = YES_AGGRESSIVE;
				GCC_WARN_UNUSED_FUNCTION = YES;
				GCC_WARN_UNUSED_VARIABLE = YES;
				IPHONEOS_DEPLOYMENT_TARGET = 15.3;
				MTL_ENABLE_DEBUG_INFO = NO;
				MTL_FAST_MATH = YES;
				SDKROOT = iphoneos;
				SWIFT_COMPILATION_MODE = wholemodule;
				SWIFT_OPTIMIZATION_LEVEL = "-O";
				VALIDATE_PRODUCT = YES;
			};
			name = Release;
		};
		55C12FF527E286C0009444A4 /* Debug */ = {
			isa = XCBuildConfiguration;
			buildSettings = {
				ASSETCATALOG_COMPILER_APPICON_NAME = AppIcon;
				ASSETCATALOG_COMPILER_GLOBAL_ACCENT_COLOR_NAME = AccentColor;
				CODE_SIGN_STYLE = Automatic;
				CURRENT_PROJECT_VERSION = 1;
				DEVELOPMENT_ASSET_PATHS = "\"Africa/Preview Content\"";
				DEVELOPMENT_TEAM = "";
				ENABLE_PREVIEWS = YES;
				GENERATE_INFOPLIST_FILE = YES;
				INFOPLIST_FILE = Africa/Info.plist;
				INFOPLIST_KEY_UIApplicationSceneManifest_Generation = YES;
				INFOPLIST_KEY_UIApplicationSupportsIndirectInputEvents = YES;
				INFOPLIST_KEY_UISupportedInterfaceOrientations_iPad = "UIInterfaceOrientationPortrait UIInterfaceOrientationPortraitUpsideDown UIInterfaceOrientationLandscapeLeft UIInterfaceOrientationLandscapeRight";
				INFOPLIST_KEY_UISupportedInterfaceOrientations_iPhone = "UIInterfaceOrientationPortrait UIInterfaceOrientationLandscapeLeft UIInterfaceOrientationLandscapeRight";
				INFOPLIST_KEY_UIUserInterfaceStyle = Dark;
				LD_RUNPATH_SEARCH_PATHS = (
					"$(inherited)",
					"@executable_path/Frameworks",
				);
				MARKETING_VERSION = 1.0;
				PRODUCT_BUNDLE_IDENTIFIER = com.andrej.dev.Africa;
				PRODUCT_NAME = "$(TARGET_NAME)";
				SWIFT_EMIT_LOC_STRINGS = YES;
				SWIFT_VERSION = 5.0;
				TARGETED_DEVICE_FAMILY = "1,2";
				TVOS_DEPLOYMENT_TARGET = 15.3;
			};
			name = Debug;
		};
		55C12FF627E286C0009444A4 /* Release */ = {
			isa = XCBuildConfiguration;
			buildSettings = {
				ASSETCATALOG_COMPILER_APPICON_NAME = AppIcon;
				ASSETCATALOG_COMPILER_GLOBAL_ACCENT_COLOR_NAME = AccentColor;
				CODE_SIGN_STYLE = Automatic;
				CURRENT_PROJECT_VERSION = 1;
				DEVELOPMENT_ASSET_PATHS = "\"Africa/Preview Content\"";
				DEVELOPMENT_TEAM = "";
				ENABLE_PREVIEWS = YES;
				GENERATE_INFOPLIST_FILE = YES;
				INFOPLIST_FILE = Africa/Info.plist;
				INFOPLIST_KEY_UIApplicationSceneManifest_Generation = YES;
				INFOPLIST_KEY_UIApplicationSupportsIndirectInputEvents = YES;
				INFOPLIST_KEY_UISupportedInterfaceOrientations_iPad = "UIInterfaceOrientationPortrait UIInterfaceOrientationPortraitUpsideDown UIInterfaceOrientationLandscapeLeft UIInterfaceOrientationLandscapeRight";
				INFOPLIST_KEY_UISupportedInterfaceOrientations_iPhone = "UIInterfaceOrientationPortrait UIInterfaceOrientationLandscapeLeft UIInterfaceOrientationLandscapeRight";
				INFOPLIST_KEY_UIUserInterfaceStyle = Dark;
				LD_RUNPATH_SEARCH_PATHS = (
					"$(inherited)",
					"@executable_path/Frameworks",
				);
				MARKETING_VERSION = 1.0;
				PRODUCT_BUNDLE_IDENTIFIER = com.andrej.dev.Africa;
				PRODUCT_NAME = "$(TARGET_NAME)";
				SWIFT_EMIT_LOC_STRINGS = YES;
				SWIFT_VERSION = 5.0;
				TARGETED_DEVICE_FAMILY = "1,2";
				TVOS_DEPLOYMENT_TARGET = 15.3;
			};
			name = Release;
		};
/* End XCBuildConfiguration section */

/* Begin XCConfigurationList section */
		55C12FE127E286BF009444A4 /* Build configuration list for PBXProject "Africa" */ = {
			isa = XCConfigurationList;
			buildConfigurations = (
				55C12FF227E286C0009444A4 /* Debug */,
				55C12FF327E286C0009444A4 /* Release */,
			);
			defaultConfigurationIsVisible = 0;
			defaultConfigurationName = Release;
		};
		55C12FF427E286C0009444A4 /* Build configuration list for PBXNativeTarget "Africa" */ = {
			isa = XCConfigurationList;
			buildConfigurations = (
				55C12FF527E286C0009444A4 /* Debug */,
				55C12FF627E286C0009444A4 /* Release */,
			);
			defaultConfigurationIsVisible = 0;
			defaultConfigurationName = Release;
		};
/* End XCConfigurationList section */
	};
	rootObject = 55C12FDE27E286BF009444A4 /* Project object */;
}
